
Microsoft Visual Studio Solution File, Format Version 12.00
# Visual Studio Version 16
VisualStudioVersion = 16.0.30225.117
MinimumVisualStudioVersion = 10.0.40219.1
Project("{9A19103F-16F7-4668-BE54-9A1E7A4F7556}") = "HospitalApp", "HospitalApp\HospitalApp.csproj", "{C62D3E98-5C0D-4F57-BB96-C737EA41E240}"
EndProject
Project("{9A19103F-16F7-4668-BE54-9A1E7A4F7556}") = "HospitalApp.Dal", "HospitalApp.Dal\HospitalApp.Dal.csproj", "{E878A6E4-9938-49C8-AE68-A23F8F5EE7B5}"
EndProject
Project("{9A19103F-16F7-4668-BE54-9A1E7A4F7556}") = "HospitalApp.Services", "HospitalApp.Services\HospitalApp.Services.csproj", "{1F9FD1AF-743B-4B5B-A85D-16F2FA1C91FE}"
EndProject
Global
	GlobalSection(SolutionConfigurationPlatforms) = preSolution
		Debug|Any CPU = Debug|Any CPU
		Release|Any CPU = Release|Any CPU
	EndGlobalSection
	GlobalSection(ProjectConfigurationPlatforms) = postSolution
		{C62D3E98-5C0D-4F57-BB96-C737EA41E240}.Debug|Any CPU.ActiveCfg = Debug|Any CPU
		{C62D3E98-5C0D-4F57-BB96-C737EA41E240}.Debug|Any CPU.Build.0 = Debug|Any CPU
		{C62D3E98-5C0D-4F57-BB96-C737EA41E240}.Release|Any CPU.ActiveCfg = Release|Any CPU
		{C62D3E98-5C0D-4F57-BB96-C737EA41E240}.Release|Any CPU.Build.0 = Release|Any CPU
		{E878A6E4-9938-49C8-AE68-A23F8F5EE7B5}.Debug|Any CPU.ActiveCfg = Debug|Any CPU
		{E878A6E4-9938-49C8-AE68-A23F8F5EE7B5}.Debug|Any CPU.Build.0 = Debug|Any CPU
		{E878A6E4-9938-49C8-AE68-A23F8F5EE7B5}.Release|Any CPU.ActiveCfg = Release|Any CPU
		{E878A6E4-9938-49C8-AE68-A23F8F5EE7B5}.Release|Any CPU.Build.0 = Release|Any CPU
		{1F9FD1AF-743B-4B5B-A85D-16F2FA1C91FE}.Debug|Any CPU.ActiveCfg = Debug|Any CPU
		{1F9FD1AF-743B-4B5B-A85D-16F2FA1C91FE}.Debug|Any CPU.Build.0 = Debug|Any CPU
		{1F9FD1AF-743B-4B5B-A85D-16F2FA1C91FE}.Release|Any CPU.ActiveCfg = Release|Any CPU
		{1F9FD1AF-743B-4B5B-A85D-16F2FA1C91FE}.Release|Any CPU.Build.0 = Release|Any CPU
	EndGlobalSection
	GlobalSection(SolutionProperties) = preSolution
		HideSolutionNode = FALSE
	EndGlobalSection
	GlobalSection(ExtensibilityGlobals) = postSolution
		SolutionGuid = {C7AAD19D-6580-41C7-A76B-09BDE42570A4}
	EndGlobalSection
EndGlobal
